
Microsoft Visual Studio Solution File, Format Version 12.00
# Visual Studio 15
VisualStudioVersion = 15.0.28307.168
MinimumVisualStudioVersion = 10.0.40219.1
Project("{2150E333-8FDC-42A3-9474-1A3956D46DE8}") = "Tests", "Tests", "{12E2CEF6-EB9D-412F-98E3-ECBBBD00A29A}"
EndProject
Project("{2150E333-8FDC-42A3-9474-1A3956D46DE8}") = "Submodules", "Submodules", "{614E8446-254E-48B0-885C-2555D6F1DEF1}"
EndProject
Project("{9A19103F-16F7-4668-BE54-9A1E7A4F7556}") = "Splat.Serilog", "src\submodules\splat.serilog\Source\Splat.Serilog\Splat.Serilog.csproj", "{90E0176E-66C4-4AB2-834B-ADC8887C0BC8}"
EndProject
Project("{9A19103F-16F7-4668-BE54-9A1E7A4F7556}") = "SonOfPicasso.Testing.Common", "src\SonOfPicasso.Testing.Common\SonOfPicasso.Testing.Common.csproj", "{0D73C26E-D1F1-4DE7-8354-9C9549FD2F93}"
EndProject
Project("{9A19103F-16F7-4668-BE54-9A1E7A4F7556}") = "SonOfPicasso.Core.Tests", "src\SonOfPicasso.Core.Tests\SonOfPicasso.Core.Tests.csproj", "{BB58C648-8910-4106-AEEB-98E37B6C5559}"
EndProject
Project("{FAE04EC0-301F-11D3-BF4B-00C04F79EFBC}") = "SonOfPicasso.UI.Tests", "src\SonOfPicasso.UI.Tests\SonOfPicasso.UI.Tests.csproj", "{95CCEAEE-8A44-40D2-975A-DEFDAED35523}"
EndProject
Project("{9A19103F-16F7-4668-BE54-9A1E7A4F7556}") = "SonOfPicasso.Core", "src\SonOfPicasso.Core\SonOfPicasso.Core.csproj", "{DD6FAB82-72D4-4556-A4C3-EBCD49C89598}"
EndProject
Project("{FAE04EC0-301F-11D3-BF4B-00C04F79EFBC}") = "SonOfPicasso.UI", "src\SonOfPicasso.UI\SonOfPicasso.UI.csproj", "{B9FBDA9B-B6C7-4AD7-916C-E1FB8FF520F1}"
EndProject
Project("{2150E333-8FDC-42A3-9474-1A3956D46DE8}") = "Build", "Build", "{30DC3442-C225-4FC5-9439-77BD1B3EE895}"
	ProjectSection(SolutionItems) = preProject
		appveyor.yml = appveyor.yml
		Build.fsx = Build.fsx
		.chglog\config.yml = .chglog\config.yml
		paket.dependencies = paket.dependencies
	EndProjectSection
EndProject
Project("{2150E333-8FDC-42A3-9474-1A3956D46DE8}") = "Tools", "Tools", "{DE25AC0A-8FB7-4D88-8B3A-CDC3EF9AE88F}"
EndProject
Project("{FAE04EC0-301F-11D3-BF4B-00C04F79EFBC}") = "SonOfPicasso.Tools", "src\SonOfPicasso.Tools\SonOfPicasso.Tools.csproj", "{2BA6995C-ED7F-4636-9DEA-0D8EE2504771}"
EndProject
Global
	GlobalSection(SolutionConfigurationPlatforms) = preSolution
		Debug|Any CPU = Debug|Any CPU
		Release|Any CPU = Release|Any CPU
	EndGlobalSection
	GlobalSection(ProjectConfigurationPlatforms) = postSolution
		{90E0176E-66C4-4AB2-834B-ADC8887C0BC8}.Debug|Any CPU.ActiveCfg = Debug|Any CPU
		{90E0176E-66C4-4AB2-834B-ADC8887C0BC8}.Debug|Any CPU.Build.0 = Debug|Any CPU
		{90E0176E-66C4-4AB2-834B-ADC8887C0BC8}.Release|Any CPU.ActiveCfg = Release|Any CPU
		{90E0176E-66C4-4AB2-834B-ADC8887C0BC8}.Release|Any CPU.Build.0 = Release|Any CPU
		{0D73C26E-D1F1-4DE7-8354-9C9549FD2F93}.Debug|Any CPU.ActiveCfg = Debug|Any CPU
		{0D73C26E-D1F1-4DE7-8354-9C9549FD2F93}.Debug|Any CPU.Build.0 = Debug|Any CPU
		{0D73C26E-D1F1-4DE7-8354-9C9549FD2F93}.Release|Any CPU.ActiveCfg = Release|Any CPU
		{0D73C26E-D1F1-4DE7-8354-9C9549FD2F93}.Release|Any CPU.Build.0 = Release|Any CPU
		{BB58C648-8910-4106-AEEB-98E37B6C5559}.Debug|Any CPU.ActiveCfg = Debug|Any CPU
		{BB58C648-8910-4106-AEEB-98E37B6C5559}.Debug|Any CPU.Build.0 = Debug|Any CPU
		{BB58C648-8910-4106-AEEB-98E37B6C5559}.Release|Any CPU.ActiveCfg = Release|Any CPU
		{BB58C648-8910-4106-AEEB-98E37B6C5559}.Release|Any CPU.Build.0 = Release|Any CPU
		{95CCEAEE-8A44-40D2-975A-DEFDAED35523}.Debug|Any CPU.ActiveCfg = Debug|Any CPU
		{95CCEAEE-8A44-40D2-975A-DEFDAED35523}.Debug|Any CPU.Build.0 = Debug|Any CPU
		{95CCEAEE-8A44-40D2-975A-DEFDAED35523}.Release|Any CPU.ActiveCfg = Release|Any CPU
		{95CCEAEE-8A44-40D2-975A-DEFDAED35523}.Release|Any CPU.Build.0 = Release|Any CPU
		{DD6FAB82-72D4-4556-A4C3-EBCD49C89598}.Debug|Any CPU.ActiveCfg = Debug|Any CPU
		{DD6FAB82-72D4-4556-A4C3-EBCD49C89598}.Debug|Any CPU.Build.0 = Debug|Any CPU
		{DD6FAB82-72D4-4556-A4C3-EBCD49C89598}.Release|Any CPU.ActiveCfg = Release|Any CPU
		{DD6FAB82-72D4-4556-A4C3-EBCD49C89598}.Release|Any CPU.Build.0 = Release|Any CPU
		{B9FBDA9B-B6C7-4AD7-916C-E1FB8FF520F1}.Debug|Any CPU.ActiveCfg = Debug|Any CPU
		{B9FBDA9B-B6C7-4AD7-916C-E1FB8FF520F1}.Debug|Any CPU.Build.0 = Debug|Any CPU
		{B9FBDA9B-B6C7-4AD7-916C-E1FB8FF520F1}.Release|Any CPU.ActiveCfg = Release|Any CPU
		{B9FBDA9B-B6C7-4AD7-916C-E1FB8FF520F1}.Release|Any CPU.Build.0 = Release|Any CPU
		{2BA6995C-ED7F-4636-9DEA-0D8EE2504771}.Debug|Any CPU.ActiveCfg = Debug|Any CPU
		{2BA6995C-ED7F-4636-9DEA-0D8EE2504771}.Debug|Any CPU.Build.0 = Debug|Any CPU
		{2BA6995C-ED7F-4636-9DEA-0D8EE2504771}.Release|Any CPU.ActiveCfg = Release|Any CPU
		{2BA6995C-ED7F-4636-9DEA-0D8EE2504771}.Release|Any CPU.Build.0 = Release|Any CPU
	EndGlobalSection
	GlobalSection(SolutionProperties) = preSolution
		HideSolutionNode = FALSE
	EndGlobalSection
	GlobalSection(NestedProjects) = preSolution
		{90E0176E-66C4-4AB2-834B-ADC8887C0BC8} = {614E8446-254E-48B0-885C-2555D6F1DEF1}
		{0D73C26E-D1F1-4DE7-8354-9C9549FD2F93} = {12E2CEF6-EB9D-412F-98E3-ECBBBD00A29A}
		{BB58C648-8910-4106-AEEB-98E37B6C5559} = {12E2CEF6-EB9D-412F-98E3-ECBBBD00A29A}
		{95CCEAEE-8A44-40D2-975A-DEFDAED35523} = {12E2CEF6-EB9D-412F-98E3-ECBBBD00A29A}
		{2BA6995C-ED7F-4636-9DEA-0D8EE2504771} = {DE25AC0A-8FB7-4D88-8B3A-CDC3EF9AE88F}
	EndGlobalSection
	GlobalSection(ExtensibilityGlobals) = postSolution
		SolutionGuid = {2C01583D-05D7-4F03-A86C-ECF79DA041D0}
	EndGlobalSection
EndGlobal
