
Microsoft Visual Studio Solution File, Format Version 12.00
# Visual Studio Version 16
VisualStudioVersion = 16.0.29215.179
MinimumVisualStudioVersion = 10.0.40219.1
Project("{2150E333-8FDC-42A3-9474-1A3956D46DE8}") = "Tests", "Tests", "{12E2CEF6-EB9D-412F-98E3-ECBBBD00A29A}"
EndProject
Project("{9A19103F-16F7-4668-BE54-9A1E7A4F7556}") = "SonOfPicasso.Testing.Common", "src\SonOfPicasso.Testing.Common\SonOfPicasso.Testing.Common.csproj", "{0D73C26E-D1F1-4DE7-8354-9C9549FD2F93}"
EndProject
Project("{9A19103F-16F7-4668-BE54-9A1E7A4F7556}") = "SonOfPicasso.Core", "src\SonOfPicasso.Core\SonOfPicasso.Core.csproj", "{DD6FAB82-72D4-4556-A4C3-EBCD49C89598}"
EndProject
Project("{2150E333-8FDC-42A3-9474-1A3956D46DE8}") = "Build", "Build", "{30DC3442-C225-4FC5-9439-77BD1B3EE895}"
	ProjectSection(SolutionItems) = preProject
		appveyor.yml = appveyor.yml
		Build.fsx = Build.fsx
		codecov.yml = codecov.yml
		.chglog\config.yml = .chglog\config.yml
		paket.dependencies = paket.dependencies
		paket.lock = paket.lock
	EndProjectSection
EndProject
Project("{2150E333-8FDC-42A3-9474-1A3956D46DE8}") = "Tools", "Tools", "{DE25AC0A-8FB7-4D88-8B3A-CDC3EF9AE88F}"
EndProject
Project("{9A19103F-16F7-4668-BE54-9A1E7A4F7556}") = "SonOfPicasso.Tools", "src\SonOfPicasso.Tools\SonOfPicasso.Tools.csproj", "{2BA6995C-ED7F-4636-9DEA-0D8EE2504771}"
EndProject
Project("{9A19103F-16F7-4668-BE54-9A1E7A4F7556}") = "SonOfPicasso.Data", "src\SonOfPicasso.Data\SonOfPicasso.Data.csproj", "{2096BF8B-3C6C-4CBC-803D-F51B9D5209B3}"
EndProject
Project("{9A19103F-16F7-4668-BE54-9A1E7A4F7556}") = "SonOfPicasso.Data.Tests", "src\SonOfPicasso.Data.Tests\SonOfPicasso.Data.Tests.csproj", "{1D87A79F-C5D4-4EA0-B978-13E942B9CEE9}"
EndProject
Project("{9A19103F-16F7-4668-BE54-9A1E7A4F7556}") = "SonOfPicasso.Core.Tests", "src\SonOfPicasso.Core.Tests\SonOfPicasso.Core.Tests.csproj", "{2F6B9B2C-D228-4563-B74C-12C18E753361}"
EndProject
Project("{9A19103F-16F7-4668-BE54-9A1E7A4F7556}") = "SonOfPicasso.UI", "src\SonOfPicasso.UI\SonOfPicasso.UI.csproj", "{282F684E-B70E-4C4B-920A-06D3E96F3109}"
EndProject
Project("{9A19103F-16F7-4668-BE54-9A1E7A4F7556}") = "SonOfPicasso.UI.Tests", "src\SonOfPicasso.UI.Tests\SonOfPicasso.UI.Tests.csproj", "{9D06ACFE-6ECD-4EC9-9CA9-8D6CCC5C362A}"
EndProject
Global
	GlobalSection(SolutionConfigurationPlatforms) = preSolution
		Debug|Any CPU = Debug|Any CPU
		Release|Any CPU = Release|Any CPU
	EndGlobalSection
	GlobalSection(ProjectConfigurationPlatforms) = postSolution
		{0D73C26E-D1F1-4DE7-8354-9C9549FD2F93}.Debug|Any CPU.ActiveCfg = Debug|Any CPU
		{0D73C26E-D1F1-4DE7-8354-9C9549FD2F93}.Debug|Any CPU.Build.0 = Debug|Any CPU
		{0D73C26E-D1F1-4DE7-8354-9C9549FD2F93}.Release|Any CPU.ActiveCfg = Release|Any CPU
		{0D73C26E-D1F1-4DE7-8354-9C9549FD2F93}.Release|Any CPU.Build.0 = Release|Any CPU
		{DD6FAB82-72D4-4556-A4C3-EBCD49C89598}.Debug|Any CPU.ActiveCfg = Debug|Any CPU
		{DD6FAB82-72D4-4556-A4C3-EBCD49C89598}.Debug|Any CPU.Build.0 = Debug|Any CPU
		{DD6FAB82-72D4-4556-A4C3-EBCD49C89598}.Release|Any CPU.ActiveCfg = Release|Any CPU
		{DD6FAB82-72D4-4556-A4C3-EBCD49C89598}.Release|Any CPU.Build.0 = Release|Any CPU
		{2BA6995C-ED7F-4636-9DEA-0D8EE2504771}.Debug|Any CPU.ActiveCfg = Debug|Any CPU
		{2BA6995C-ED7F-4636-9DEA-0D8EE2504771}.Debug|Any CPU.Build.0 = Debug|Any CPU
		{2BA6995C-ED7F-4636-9DEA-0D8EE2504771}.Release|Any CPU.ActiveCfg = Release|Any CPU
		{2BA6995C-ED7F-4636-9DEA-0D8EE2504771}.Release|Any CPU.Build.0 = Release|Any CPU
		{2096BF8B-3C6C-4CBC-803D-F51B9D5209B3}.Debug|Any CPU.ActiveCfg = Debug|Any CPU
		{2096BF8B-3C6C-4CBC-803D-F51B9D5209B3}.Debug|Any CPU.Build.0 = Debug|Any CPU
		{2096BF8B-3C6C-4CBC-803D-F51B9D5209B3}.Release|Any CPU.ActiveCfg = Release|Any CPU
		{2096BF8B-3C6C-4CBC-803D-F51B9D5209B3}.Release|Any CPU.Build.0 = Release|Any CPU
		{1D87A79F-C5D4-4EA0-B978-13E942B9CEE9}.Debug|Any CPU.ActiveCfg = Debug|Any CPU
		{1D87A79F-C5D4-4EA0-B978-13E942B9CEE9}.Debug|Any CPU.Build.0 = Debug|Any CPU
		{1D87A79F-C5D4-4EA0-B978-13E942B9CEE9}.Release|Any CPU.ActiveCfg = Release|Any CPU
		{1D87A79F-C5D4-4EA0-B978-13E942B9CEE9}.Release|Any CPU.Build.0 = Release|Any CPU
		{2F6B9B2C-D228-4563-B74C-12C18E753361}.Debug|Any CPU.ActiveCfg = Debug|Any CPU
		{2F6B9B2C-D228-4563-B74C-12C18E753361}.Debug|Any CPU.Build.0 = Debug|Any CPU
		{2F6B9B2C-D228-4563-B74C-12C18E753361}.Release|Any CPU.ActiveCfg = Release|Any CPU
		{2F6B9B2C-D228-4563-B74C-12C18E753361}.Release|Any CPU.Build.0 = Release|Any CPU
		{282F684E-B70E-4C4B-920A-06D3E96F3109}.Debug|Any CPU.ActiveCfg = Debug|Any CPU
		{282F684E-B70E-4C4B-920A-06D3E96F3109}.Debug|Any CPU.Build.0 = Debug|Any CPU
		{282F684E-B70E-4C4B-920A-06D3E96F3109}.Release|Any CPU.ActiveCfg = Release|Any CPU
		{282F684E-B70E-4C4B-920A-06D3E96F3109}.Release|Any CPU.Build.0 = Release|Any CPU
		{9D06ACFE-6ECD-4EC9-9CA9-8D6CCC5C362A}.Debug|Any CPU.ActiveCfg = Debug|Any CPU
		{9D06ACFE-6ECD-4EC9-9CA9-8D6CCC5C362A}.Debug|Any CPU.Build.0 = Debug|Any CPU
		{9D06ACFE-6ECD-4EC9-9CA9-8D6CCC5C362A}.Release|Any CPU.ActiveCfg = Release|Any CPU
		{9D06ACFE-6ECD-4EC9-9CA9-8D6CCC5C362A}.Release|Any CPU.Build.0 = Release|Any CPU
	EndGlobalSection
	GlobalSection(SolutionProperties) = preSolution
		HideSolutionNode = FALSE
	EndGlobalSection
	GlobalSection(NestedProjects) = preSolution
		{0D73C26E-D1F1-4DE7-8354-9C9549FD2F93} = {12E2CEF6-EB9D-412F-98E3-ECBBBD00A29A}
		{2BA6995C-ED7F-4636-9DEA-0D8EE2504771} = {DE25AC0A-8FB7-4D88-8B3A-CDC3EF9AE88F}
		{1D87A79F-C5D4-4EA0-B978-13E942B9CEE9} = {12E2CEF6-EB9D-412F-98E3-ECBBBD00A29A}
		{2F6B9B2C-D228-4563-B74C-12C18E753361} = {12E2CEF6-EB9D-412F-98E3-ECBBBD00A29A}
		{9D06ACFE-6ECD-4EC9-9CA9-8D6CCC5C362A} = {12E2CEF6-EB9D-412F-98E3-ECBBBD00A29A}
	EndGlobalSection
	GlobalSection(ExtensibilityGlobals) = postSolution
		SolutionGuid = {2C01583D-05D7-4F03-A86C-ECF79DA041D0}
	EndGlobalSection
EndGlobal
